{
  "requires": true,
  "lockfileVersion": 1,
  "dependencies": {
    "vue": {
      "version": "2.5.21",
      "resolved": "https://registry.npmjs.org/vue/-/vue-2.5.21.tgz",
      "integrity": "sha512-Aejvyyfhn0zjVeLvXd70h4hrE4zZDx1wfZqia6ekkobLmUZ+vNFQer53B4fu0EjWBSiqApxPejzkO1Znt3joxQ=="
    },
    "vue-burger-menu": {
      "version": "2.0.0",
      "resolved": "https://registry.npmjs.org/vue-burger-menu/-/vue-burger-menu-2.0.0.tgz",
      "integrity": "sha512-d4cKgeiWu7NA9IXdZd43hzSmpwWVUc/Lr3K8hT/b/I2F30f62D/zTZ/wRQy2s3f3TAOSPbYY9rsrY6lllJUxcw==",
      "requires": {
        "vue": "^2.5.17"
      }
    }
  }
}
